{
  "name": "463595-sedona",
  "version": "1.0.0",
  "lockfileVersion": 1,
  "requires": true,
  "dependencies": {
    "stylelint-config-htmlacademy": {
      "version": "0.0.1",
      "resolved": "https://registry.npmjs.org/stylelint-config-htmlacademy/-/stylelint-config-htmlacademy-0.0.1.tgz",
      "integrity": "sha1-KN9fj8iGE6HwfblT0cO8OtVs3pY=",
      "dev": true
    }
  }
}
